
Microsoft Visual Studio Solution File, Format Version 12.00
# Visual Studio Version 16
VisualStudioVersion = 16.0.31019.35
MinimumVisualStudioVersion = 10.0.40219.1
Project("{FAE04EC0-301F-11D3-BF4B-00C04F79EFBC}") = "FinalCalculator", "FinalCalculator\FinalCalculator.csproj", "{78743338-9C15-40F8-B020-8CFF8AE530F7}"
EndProject
Project("{FAE04EC0-301F-11D3-BF4B-00C04F79EFBC}") = "Calc.Test", "Calc.Test\Calc.Test.csproj", "{418A88D1-210E-4692-ACA2-9AA764027E7B}"
EndProject
Global
	GlobalSection(SolutionConfigurationPlatforms) = preSolution
		Debug|Any CPU = Debug|Any CPU
		Release|Any CPU = Release|Any CPU
	EndGlobalSection
	GlobalSection(ProjectConfigurationPlatforms) = postSolution
		{78743338-9C15-40F8-B020-8CFF8AE530F7}.Debug|Any CPU.ActiveCfg = Debug|Any CPU
		{78743338-9C15-40F8-B020-8CFF8AE530F7}.Debug|Any CPU.Build.0 = Debug|Any CPU
		{78743338-9C15-40F8-B020-8CFF8AE530F7}.Release|Any CPU.ActiveCfg = Release|Any CPU
		{78743338-9C15-40F8-B020-8CFF8AE530F7}.Release|Any CPU.Build.0 = Release|Any CPU
		{418A88D1-210E-4692-ACA2-9AA764027E7B}.Debug|Any CPU.ActiveCfg = Debug|Any CPU
		{418A88D1-210E-4692-ACA2-9AA764027E7B}.Debug|Any CPU.Build.0 = Debug|Any CPU
		{418A88D1-210E-4692-ACA2-9AA764027E7B}.Release|Any CPU.ActiveCfg = Release|Any CPU
		{418A88D1-210E-4692-ACA2-9AA764027E7B}.Release|Any CPU.Build.0 = Release|Any CPU
	EndGlobalSection
	GlobalSection(SolutionProperties) = preSolution
		HideSolutionNode = FALSE
	EndGlobalSection
	GlobalSection(ExtensibilityGlobals) = postSolution
		SolutionGuid = {F21EBA06-F24D-4DC8-A15B-EA156CAB971E}
	EndGlobalSection
EndGlobal
